
Microsoft Visual Studio Solution File, Format Version 12.00
# Visual Studio Version 17
VisualStudioVersion = 17.1.32319.34
MinimumVisualStudioVersion = 10.0.40219.1
Project("{9A19103F-16F7-4668-BE54-9A1E7A4F7556}") = "Quick.Blazor.Bootstrap", "Quick.Blazor.Bootstrap\Quick.Blazor.Bootstrap.csproj", "{EBB8D9F0-0446-4CBF-A002-DD8985C05A85}"
EndProject
Project("{9A19103F-16F7-4668-BE54-9A1E7A4F7556}") = "Quick.Blazor.Bootstrap.Admin", "Quick.Blazor.Bootstrap.Admin\Quick.Blazor.Bootstrap.Admin.csproj", "{82E40A1C-AFC5-4FED-9476-FC51C1D4CA7A}"
EndProject
Project("{9A19103F-16F7-4668-BE54-9A1E7A4F7556}") = "Quick.Blazor.Bootstrap.ReverseProxy", "Quick.Blazor.Bootstrap.ReverseProxy\Quick.Blazor.Bootstrap.ReverseProxy.csproj", "{A1A76E0D-4BE3-4BF9-AB58-2F624C04D207}"
EndProject
Project("{9A19103F-16F7-4668-BE54-9A1E7A4F7556}") = "Quick.Blazor.Bootstrap.QuickFields", "Quick.Blazor.Bootstrap.QuickFields\Quick.Blazor.Bootstrap.QuickFields.csproj", "{9E9BBC58-583B-410D-BF40-7F665A2AD1C1}"
EndProject
Project("{9A19103F-16F7-4668-BE54-9A1E7A4F7556}") = "Quick.Blazor.Bootstrap.Terminal", "Quick.Blazor.Bootstrap.Terminal\Quick.Blazor.Bootstrap.Terminal.csproj", "{2D7BF503-9C6F-483E-9312-4FD4E97496CA}"
EndProject
Project("{9A19103F-16F7-4668-BE54-9A1E7A4F7556}") = "Quick.Blazor.Bootstrap.CrontabManager", "Quick.Blazor.Bootstrap.CrontabManager\Quick.Blazor.Bootstrap.CrontabManager.csproj", "{3561F4B8-B65D-4402-8405-8183E5A0F703}"
EndProject
Project("{FAE04EC0-301F-11D3-BF4B-00C04F79EFBC}") = "Test.AspNetCore9", "Test.AspNetCore9\Test.AspNetCore9.csproj", "{C35719A3-88CA-40F5-A19E-6C2895AF0F93}"
EndProject
Global
	GlobalSection(SolutionConfigurationPlatforms) = preSolution
		Debug|Any CPU = Debug|Any CPU
		Debug|x64 = Debug|x64
		Debug|x86 = Debug|x86
		Release|Any CPU = Release|Any CPU
		Release|x64 = Release|x64
		Release|x86 = Release|x86
	EndGlobalSection
	GlobalSection(ProjectConfigurationPlatforms) = postSolution
		{EBB8D9F0-0446-4CBF-A002-DD8985C05A85}.Debug|Any CPU.ActiveCfg = Debug|Any CPU
		{EBB8D9F0-0446-4CBF-A002-DD8985C05A85}.Debug|Any CPU.Build.0 = Debug|Any CPU
		{EBB8D9F0-0446-4CBF-A002-DD8985C05A85}.Debug|x64.ActiveCfg = Debug|Any CPU
		{EBB8D9F0-0446-4CBF-A002-DD8985C05A85}.Debug|x64.Build.0 = Debug|Any CPU
		{EBB8D9F0-0446-4CBF-A002-DD8985C05A85}.Debug|x86.ActiveCfg = Debug|Any CPU
		{EBB8D9F0-0446-4CBF-A002-DD8985C05A85}.Debug|x86.Build.0 = Debug|Any CPU
		{EBB8D9F0-0446-4CBF-A002-DD8985C05A85}.Release|Any CPU.ActiveCfg = Release|Any CPU
		{EBB8D9F0-0446-4CBF-A002-DD8985C05A85}.Release|Any CPU.Build.0 = Release|Any CPU
		{EBB8D9F0-0446-4CBF-A002-DD8985C05A85}.Release|x64.ActiveCfg = Release|Any CPU
		{EBB8D9F0-0446-4CBF-A002-DD8985C05A85}.Release|x64.Build.0 = Release|Any CPU
		{EBB8D9F0-0446-4CBF-A002-DD8985C05A85}.Release|x86.ActiveCfg = Release|Any CPU
		{EBB8D9F0-0446-4CBF-A002-DD8985C05A85}.Release|x86.Build.0 = Release|Any CPU
		{82E40A1C-AFC5-4FED-9476-FC51C1D4CA7A}.Debug|Any CPU.ActiveCfg = Debug|Any CPU
		{82E40A1C-AFC5-4FED-9476-FC51C1D4CA7A}.Debug|Any CPU.Build.0 = Debug|Any CPU
		{82E40A1C-AFC5-4FED-9476-FC51C1D4CA7A}.Debug|x64.ActiveCfg = Debug|Any CPU
		{82E40A1C-AFC5-4FED-9476-FC51C1D4CA7A}.Debug|x64.Build.0 = Debug|Any CPU
		{82E40A1C-AFC5-4FED-9476-FC51C1D4CA7A}.Debug|x86.ActiveCfg = Debug|Any CPU
		{82E40A1C-AFC5-4FED-9476-FC51C1D4CA7A}.Debug|x86.Build.0 = Debug|Any CPU
		{82E40A1C-AFC5-4FED-9476-FC51C1D4CA7A}.Release|Any CPU.ActiveCfg = Release|Any CPU
		{82E40A1C-AFC5-4FED-9476-FC51C1D4CA7A}.Release|Any CPU.Build.0 = Release|Any CPU
		{82E40A1C-AFC5-4FED-9476-FC51C1D4CA7A}.Release|x64.ActiveCfg = Release|Any CPU
		{82E40A1C-AFC5-4FED-9476-FC51C1D4CA7A}.Release|x64.Build.0 = Release|Any CPU
		{82E40A1C-AFC5-4FED-9476-FC51C1D4CA7A}.Release|x86.ActiveCfg = Release|Any CPU
		{82E40A1C-AFC5-4FED-9476-FC51C1D4CA7A}.Release|x86.Build.0 = Release|Any CPU
		{A1A76E0D-4BE3-4BF9-AB58-2F624C04D207}.Debug|Any CPU.ActiveCfg = Debug|Any CPU
		{A1A76E0D-4BE3-4BF9-AB58-2F624C04D207}.Debug|Any CPU.Build.0 = Debug|Any CPU
		{A1A76E0D-4BE3-4BF9-AB58-2F624C04D207}.Debug|x64.ActiveCfg = Debug|Any CPU
		{A1A76E0D-4BE3-4BF9-AB58-2F624C04D207}.Debug|x64.Build.0 = Debug|Any CPU
		{A1A76E0D-4BE3-4BF9-AB58-2F624C04D207}.Debug|x86.ActiveCfg = Debug|Any CPU
		{A1A76E0D-4BE3-4BF9-AB58-2F624C04D207}.Debug|x86.Build.0 = Debug|Any CPU
		{A1A76E0D-4BE3-4BF9-AB58-2F624C04D207}.Release|Any CPU.ActiveCfg = Release|Any CPU
		{A1A76E0D-4BE3-4BF9-AB58-2F624C04D207}.Release|Any CPU.Build.0 = Release|Any CPU
		{A1A76E0D-4BE3-4BF9-AB58-2F624C04D207}.Release|x64.ActiveCfg = Release|Any CPU
		{A1A76E0D-4BE3-4BF9-AB58-2F624C04D207}.Release|x64.Build.0 = Release|Any CPU
		{A1A76E0D-4BE3-4BF9-AB58-2F624C04D207}.Release|x86.ActiveCfg = Release|Any CPU
		{A1A76E0D-4BE3-4BF9-AB58-2F624C04D207}.Release|x86.Build.0 = Release|Any CPU
		{9E9BBC58-583B-410D-BF40-7F665A2AD1C1}.Debug|Any CPU.ActiveCfg = Debug|Any CPU
		{9E9BBC58-583B-410D-BF40-7F665A2AD1C1}.Debug|Any CPU.Build.0 = Debug|Any CPU
		{9E9BBC58-583B-410D-BF40-7F665A2AD1C1}.Debug|x64.ActiveCfg = Debug|Any CPU
		{9E9BBC58-583B-410D-BF40-7F665A2AD1C1}.Debug|x64.Build.0 = Debug|Any CPU
		{9E9BBC58-583B-410D-BF40-7F665A2AD1C1}.Debug|x86.ActiveCfg = Debug|Any CPU
		{9E9BBC58-583B-410D-BF40-7F665A2AD1C1}.Debug|x86.Build.0 = Debug|Any CPU
		{9E9BBC58-583B-410D-BF40-7F665A2AD1C1}.Release|Any CPU.ActiveCfg = Release|Any CPU
		{9E9BBC58-583B-410D-BF40-7F665A2AD1C1}.Release|Any CPU.Build.0 = Release|Any CPU
		{9E9BBC58-583B-410D-BF40-7F665A2AD1C1}.Release|x64.ActiveCfg = Release|Any CPU
		{9E9BBC58-583B-410D-BF40-7F665A2AD1C1}.Release|x64.Build.0 = Release|Any CPU
		{9E9BBC58-583B-410D-BF40-7F665A2AD1C1}.Release|x86.ActiveCfg = Release|Any CPU
		{9E9BBC58-583B-410D-BF40-7F665A2AD1C1}.Release|x86.Build.0 = Release|Any CPU
		{2D7BF503-9C6F-483E-9312-4FD4E97496CA}.Debug|Any CPU.ActiveCfg = Debug|Any CPU
		{2D7BF503-9C6F-483E-9312-4FD4E97496CA}.Debug|Any CPU.Build.0 = Debug|Any CPU
		{2D7BF503-9C6F-483E-9312-4FD4E97496CA}.Debug|x64.ActiveCfg = Debug|Any CPU
		{2D7BF503-9C6F-483E-9312-4FD4E97496CA}.Debug|x64.Build.0 = Debug|Any CPU
		{2D7BF503-9C6F-483E-9312-4FD4E97496CA}.Debug|x86.ActiveCfg = Debug|Any CPU
		{2D7BF503-9C6F-483E-9312-4FD4E97496CA}.Debug|x86.Build.0 = Debug|Any CPU
		{2D7BF503-9C6F-483E-9312-4FD4E97496CA}.Release|Any CPU.ActiveCfg = Release|Any CPU
		{2D7BF503-9C6F-483E-9312-4FD4E97496CA}.Release|Any CPU.Build.0 = Release|Any CPU
		{2D7BF503-9C6F-483E-9312-4FD4E97496CA}.Release|x64.ActiveCfg = Release|Any CPU
		{2D7BF503-9C6F-483E-9312-4FD4E97496CA}.Release|x64.Build.0 = Release|Any CPU
		{2D7BF503-9C6F-483E-9312-4FD4E97496CA}.Release|x86.ActiveCfg = Release|Any CPU
		{2D7BF503-9C6F-483E-9312-4FD4E97496CA}.Release|x86.Build.0 = Release|Any CPU
		{3561F4B8-B65D-4402-8405-8183E5A0F703}.Debug|Any CPU.ActiveCfg = Debug|Any CPU
		{3561F4B8-B65D-4402-8405-8183E5A0F703}.Debug|Any CPU.Build.0 = Debug|Any CPU
		{3561F4B8-B65D-4402-8405-8183E5A0F703}.Debug|x64.ActiveCfg = Debug|Any CPU
		{3561F4B8-B65D-4402-8405-8183E5A0F703}.Debug|x64.Build.0 = Debug|Any CPU
		{3561F4B8-B65D-4402-8405-8183E5A0F703}.Debug|x86.ActiveCfg = Debug|Any CPU
		{3561F4B8-B65D-4402-8405-8183E5A0F703}.Debug|x86.Build.0 = Debug|Any CPU
		{3561F4B8-B65D-4402-8405-8183E5A0F703}.Release|Any CPU.ActiveCfg = Release|Any CPU
		{3561F4B8-B65D-4402-8405-8183E5A0F703}.Release|Any CPU.Build.0 = Release|Any CPU
		{3561F4B8-B65D-4402-8405-8183E5A0F703}.Release|x64.ActiveCfg = Release|Any CPU
		{3561F4B8-B65D-4402-8405-8183E5A0F703}.Release|x64.Build.0 = Release|Any CPU
		{3561F4B8-B65D-4402-8405-8183E5A0F703}.Release|x86.ActiveCfg = Release|Any CPU
		{3561F4B8-B65D-4402-8405-8183E5A0F703}.Release|x86.Build.0 = Release|Any CPU
		{C35719A3-88CA-40F5-A19E-6C2895AF0F93}.Debug|Any CPU.ActiveCfg = Debug|Any CPU
		{C35719A3-88CA-40F5-A19E-6C2895AF0F93}.Debug|Any CPU.Build.0 = Debug|Any CPU
		{C35719A3-88CA-40F5-A19E-6C2895AF0F93}.Debug|x64.ActiveCfg = Debug|Any CPU
		{C35719A3-88CA-40F5-A19E-6C2895AF0F93}.Debug|x64.Build.0 = Debug|Any CPU
		{C35719A3-88CA-40F5-A19E-6C2895AF0F93}.Debug|x86.ActiveCfg = Debug|Any CPU
		{C35719A3-88CA-40F5-A19E-6C2895AF0F93}.Debug|x86.Build.0 = Debug|Any CPU
		{C35719A3-88CA-40F5-A19E-6C2895AF0F93}.Release|Any CPU.ActiveCfg = Release|Any CPU
		{C35719A3-88CA-40F5-A19E-6C2895AF0F93}.Release|Any CPU.Build.0 = Release|Any CPU
		{C35719A3-88CA-40F5-A19E-6C2895AF0F93}.Release|x64.ActiveCfg = Release|Any CPU
		{C35719A3-88CA-40F5-A19E-6C2895AF0F93}.Release|x64.Build.0 = Release|Any CPU
		{C35719A3-88CA-40F5-A19E-6C2895AF0F93}.Release|x86.ActiveCfg = Release|Any CPU
		{C35719A3-88CA-40F5-A19E-6C2895AF0F93}.Release|x86.Build.0 = Release|Any CPU
	EndGlobalSection
	GlobalSection(SolutionProperties) = preSolution
		HideSolutionNode = FALSE
	EndGlobalSection
	GlobalSection(ExtensibilityGlobals) = postSolution
		SolutionGuid = {B97A3824-0AA9-470B-824C-50143B69D8CF}
	EndGlobalSection
EndGlobal
